// !$*UTF8*$!
{
	archiveVersion = 1;
	classes = {
	};
	objectVersion = 55;
	objects = {

/* Begin PBXBuildFile section */
		7194566A2C0935F600ACEEC1 /* FrameApp.swift in Sources */ = {isa = PBXBuildFile; fileRef = 719456692C0935F600ACEEC1 /* FrameApp.swift */; };
		7194566C2C0935F600ACEEC1 /* ContentView.swift in Sources */ = {isa = PBXBuildFile; fileRef = 7194566B2C0935F600ACEEC1 /* ContentView.swift */; };
		7194566E2C0935F800ACEEC1 /* Assets.xcassets in Resources */ = {isa = PBXBuildFile; fileRef = 7194566D2C0935F800ACEEC1 /* Assets.xcassets */; };
		719456712C0935F800ACEEC1 /* Preview Assets.xcassets in Resources */ = {isa = PBXBuildFile; fileRef = 719456702C0935F800ACEEC1 /* Preview Assets.xcassets */; };
		7194567B2C0935F800ACEEC1 /* FrameTests.swift in Sources */ = {isa = PBXBuildFile; fileRef = 7194567A2C0935F800ACEEC1 /* FrameTests.swift */; };
		719456852C0935F800ACEEC1 /* FrameUITests.swift in Sources */ = {isa = PBXBuildFile; fileRef = 719456842C0935F800ACEEC1 /* FrameUITests.swift */; };
		719456872C0935F800ACEEC1 /* FrameUITestsLaunchTests.swift in Sources */ = {isa = PBXBuildFile; fileRef = 719456862C0935F800ACEEC1 /* FrameUITestsLaunchTests.swift */; };
/* End PBXBuildFile section */

/* Begin PBXContainerItemProxy section */
		719456772C0935F800ACEEC1 /* PBXContainerItemProxy */ = {
			isa = PBXContainerItemProxy;
			containerPortal = 7194565E2C0935F600ACEEC1 /* Project object */;
			proxyType = 1;
			remoteGlobalIDString = 719456652C0935F600ACEEC1;
			remoteInfo = Frame;
		};
		719456812C0935F800ACEEC1 /* PBXContainerItemProxy */ = {
			isa = PBXContainerItemProxy;
			containerPortal = 7194565E2C0935F600ACEEC1 /* Project object */;
			proxyType = 1;
			remoteGlobalIDString = 719456652C0935F600ACEEC1;
			remoteInfo = Frame;
		};
/* End PBXContainerItemProxy section */

/* Begin PBXFileReference section */
		719456662C0935F600ACEEC1 /* Frame.app */ = {isa = PBXFileReference; explicitFileType = wrapper.application; includeInIndex = 0; path = Frame.app; sourceTree = BUILT_PRODUCTS_DIR; };
		719456692C0935F600ACEEC1 /* FrameApp.swift */ = {isa = PBXFileReference; lastKnownFileType = sourcecode.swift; path = FrameApp.swift; sourceTree = "<group>"; };
		7194566B2C0935F600ACEEC1 /* ContentView.swift */ = {isa = PBXFileReference; lastKnownFileType = sourcecode.swift; path = ContentView.swift; sourceTree = "<group>"; };
		7194566D2C0935F800ACEEC1 /* Assets.xcassets */ = {isa = PBXFileReference; lastKnownFileType = folder.assetcatalog; path = Assets.xcassets; sourceTree = "<group>"; };
		719456702C0935F800ACEEC1 /* Preview Assets.xcassets */ = {isa = PBXFileReference; lastKnownFileType = folder.assetcatalog; path = "Preview Assets.xcassets"; sourceTree = "<group>"; };
		719456762C0935F800ACEEC1 /* FrameTests.xctest */ = {isa = PBXFileReference; explicitFileType = wrapper.cfbundle; includeInIndex = 0; path = FrameTests.xctest; sourceTree = BUILT_PRODUCTS_DIR; };
		7194567A2C0935F800ACEEC1 /* FrameTests.swift */ = {isa = PBXFileReference; lastKnownFileType = sourcecode.swift; path = FrameTests.swift; sourceTree = "<group>"; };
		719456802C0935F800ACEEC1 /* FrameUITests.xctest */ = {isa = PBXFileReference; explicitFileType = wrapper.cfbundle; includeInIndex = 0; path = FrameUITests.xctest; sourceTree = BUILT_PRODUCTS_DIR; };
		719456842C0935F800ACEEC1 /* FrameUITests.swift */ = {isa = PBXFileReference; lastKnownFileType = sourcecode.swift; path = FrameUITests.swift; sourceTree = "<group>"; };
		719456862C0935F800ACEEC1 /* FrameUITestsLaunchTests.swift */ = {isa = PBXFileReference; lastKnownFileType = sourcecode.swift; path = FrameUITestsLaunchTests.swift; sourceTree = "<group>"; };
/* End PBXFileReference section */

/* Begin PBXFrameworksBuildPhase section */
		719456632C0935F600ACEEC1 /* Frameworks */ = {
			isa = PBXFrameworksBuildPhase;
			buildActionMask = 2147483647;
			files = (
			);
			runOnlyForDeploymentPostprocessing = 0;
		};
		719456732C0935F800ACEEC1 /* Frameworks */ = {
			isa = PBXFrameworksBuildPhase;
			buildActionMask = 2147483647;
			files = (
			);
			runOnlyForDeploymentPostprocessing = 0;
		};
		7194567D2C0935F800ACEEC1 /* Frameworks */ = {
			isa = PBXFrameworksBuildPhase;
			buildActionMask = 2147483647;
			files = (
			);
			runOnlyForDeploymentPostprocessing = 0;
		};
/* End PBXFrameworksBuildPhase section */

/* Begin PBXGroup section */
		7194565D2C0935F600ACEEC1 = {
			isa = PBXGroup;
			children = (
				719456682C0935F600ACEEC1 /* Frame */,
				719456792C0935F800ACEEC1 /* FrameTests */,
				719456832C0935F800ACEEC1 /* FrameUITests */,
				719456672C0935F600ACEEC1 /* Products */,
			);
			sourceTree = "<group>";
		};
		719456672C0935F600ACEEC1 /* Products */ = {
			isa = PBXGroup;
			children = (
				719456662C0935F600ACEEC1 /* Frame.app */,
				719456762C0935F800ACEEC1 /* FrameTests.xctest */,
				719456802C0935F800ACEEC1 /* FrameUITests.xctest */,
			);
			name = Products;
			sourceTree = "<group>";
		};
		719456682C0935F600ACEEC1 /* Frame */ = {
			isa = PBXGroup;
			children = (
				719456692C0935F600ACEEC1 /* FrameApp.swift */,
				7194566B2C0935F600ACEEC1 /* ContentView.swift */,
				7194566D2C0935F800ACEEC1 /* Assets.xcassets */,
				7194566F2C0935F800ACEEC1 /* Preview Content */,
			);
			path = Frame;
			sourceTree = "<group>";
		};
		7194566F2C0935F800ACEEC1 /* Preview Content */ = {
			isa = PBXGroup;
			children = (
				719456702C0935F800ACEEC1 /* Preview Assets.xcassets */,
			);
			path = "Preview Content";
			sourceTree = "<group>";
		};
		719456792C0935F800ACEEC1 /* FrameTests */ = {
			isa = PBXGroup;
			children = (
				7194567A2C0935F800ACEEC1 /* FrameTests.swift */,
			);
			path = FrameTests;
			sourceTree = "<group>";
		};
		719456832C0935F800ACEEC1 /* FrameUITests */ = {
			isa = PBXGroup;
			children = (
				719456842C0935F800ACEEC1 /* FrameUITests.swift */,
				719456862C0935F800ACEEC1 /* FrameUITestsLaunchTests.swift */,
			);
			path = FrameUITests;
			sourceTree = "<group>";
		};
/* End PBXGroup section */

/* Begin PBXNativeTarget section */
		719456652C0935F600ACEEC1 /* Frame */ = {
			isa = PBXNativeTarget;
			buildConfigurationList = 7194568A2C0935F800ACEEC1 /* Build configuration list for PBXNativeTarget "Frame" */;
			buildPhases = (
				719456622C0935F600ACEEC1 /* Sources */,
				719456632C0935F600ACEEC1 /* Frameworks */,
				719456642C0935F600ACEEC1 /* Resources */,
			);
			buildRules = (
			);
			dependencies = (
			);
			name = Frame;
			productName = Frame;
			productReference = 719456662C0935F600ACEEC1 /* Frame.app */;
			productType = "com.apple.product-type.application";
		};
		719456752C0935F800ACEEC1 /* FrameTests */ = {
			isa = PBXNativeTarget;
			buildConfigurationList = 7194568D2C0935F800ACEEC1 /* Build configuration list for PBXNativeTarget "FrameTests" */;
			buildPhases = (
				719456722C0935F800ACEEC1 /* Sources */,
				719456732C0935F800ACEEC1 /* Frameworks */,
				719456742C0935F800ACEEC1 /* Resources */,
			);
			buildRules = (
			);
			dependencies = (
				719456782C0935F800ACEEC1 /* PBXTargetDependency */,
			);
			name = FrameTests;
			productName = FrameTests;
			productReference = 719456762C0935F800ACEEC1 /* FrameTests.xctest */;
			productType = "com.apple.product-type.bundle.unit-test";
		};
		7194567F2C0935F800ACEEC1 /* FrameUITests */ = {
			isa = PBXNativeTarget;
			buildConfigurationList = 719456902C0935F800ACEEC1 /* Build configuration list for PBXNativeTarget "FrameUITests" */;
			buildPhases = (
				7194567C2C0935F800ACEEC1 /* Sources */,
				7194567D2C0935F800ACEEC1 /* Frameworks */,
				7194567E2C0935F800ACEEC1 /* Resources */,
			);
			buildRules = (
			);
			dependencies = (
				719456822C0935F800ACEEC1 /* PBXTargetDependency */,
			);
			name = FrameUITests;
			productName = FrameUITests;
			productReference = 719456802C0935F800ACEEC1 /* FrameUITests.xctest */;
			productType = "com.apple.product-type.bundle.ui-testing";
		};
/* End PBXNativeTarget section */

/* Begin PBXProject section */
		7194565E2C0935F600ACEEC1 /* Project object */ = {
			isa = PBXProject;
			attributes = {
				BuildIndependentTargetsInParallel = 1;
				LastSwiftUpdateCheck = 1320;
				LastUpgradeCheck = 1320;
				TargetAttributes = {
					719456652C0935F600ACEEC1 = {
						CreatedOnToolsVersion = 13.2.1;
					};
					719456752C0935F800ACEEC1 = {
						CreatedOnToolsVersion = 13.2.1;
						TestTargetID = 719456652C0935F600ACEEC1;
					};
					7194567F2C0935F800ACEEC1 = {
						CreatedOnToolsVersion = 13.2.1;
						TestTargetID = 719456652C0935F600ACEEC1;
					};
				};
			};
			buildConfigurationList = 719456612C0935F600ACEEC1 /* Build configuration list for PBXProject "Frame" */;
			compatibilityVersion = "Xcode 13.0";
			developmentRegion = en;
			hasScannedForEncodings = 0;
			knownRegions = (
				en,
				Base,
			);
			mainGroup = 7194565D2C0935F600ACEEC1;
			productRefGroup = 719456672C0935F600ACEEC1 /* Products */;
			projectDirPath = "";
			projectRoot = "";
			targets = (
				719456652C0935F600ACEEC1 /* Frame */,
				719456752C0935F800ACEEC1 /* FrameTests */,
				7194567F2C0935F800ACEEC1 /* FrameUITests */,
			);
		};
/* End PBXProject section */

/* Begin PBXResourcesBuildPhase section */
		719456642C0935F600ACEEC1 /* Resources */ = {
			isa = PBXResourcesBuildPhase;
			buildActionMask = 2147483647;
			files = (
				719456712C0935F800ACEEC1 /* Preview Assets.xcassets in Resources */,
				7194566E2C0935F800ACEEC1 /* Assets.xcassets in Resources */,
			);
			runOnlyForDeploymentPostprocessing = 0;
		};
		719456742C0935F800ACEEC1 /* Resources */ = {
			isa = PBXResourcesBuildPhase;
			buildActionMask = 2147483647;
			files = (
			);
			runOnlyForDeploymentPostprocessing = 0;
		};
		7194567E2C0935F800ACEEC1 /* Resources */ = {
			isa = PBXResourcesBuildPhase;
			buildActionMask = 2147483647;
			files = (
			);
			runOnlyForDeploymentPostprocessing = 0;
		};
/* End PBXResourcesBuildPhase section */

/* Begin PBXSourcesBuildPhase section */
		719456622C0935F600ACEEC1 /* Sources */ = {
			isa = PBXSourcesBuildPhase;
			buildActionMask = 2147483647;
			files = (
				7194566C2C0935F600ACEEC1 /* ContentView.swift in Sources */,
				7194566A2C0935F600ACEEC1 /* FrameApp.swift in Sources */,
			);
			runOnlyForDeploymentPostprocessing = 0;
		};
		719456722C0935F800ACEEC1 /* Sources */ = {
			isa = PBXSourcesBuildPhase;
			buildActionMask = 2147483647;
			files = (
				7194567B2C0935F800ACEEC1 /* FrameTests.swift in Sources */,
			);
			runOnlyForDeploymentPostprocessing = 0;
		};
		7194567C2C0935F800ACEEC1 /* Sources */ = {
			isa = PBXSourcesBuildPhase;
			buildActionMask = 2147483647;
			files = (
				719456872C0935F800ACEEC1 /* FrameUITestsLaunchTests.swift in Sources */,
				719456852C0935F800ACEEC1 /* FrameUITests.swift in Sources */,
			);
			runOnlyForDeploymentPostprocessing = 0;
		};
/* End PBXSourcesBuildPhase section */

/* Begin PBXTargetDependency section */
		719456782C0935F800ACEEC1 /* PBXTargetDependency */ = {
			isa = PBXTargetDependency;
			target = 719456652C0935F600ACEEC1 /* Frame */;
			targetProxy = 719456772C0935F800ACEEC1 /* PBXContainerItemProxy */;
		};
		719456822C0935F800ACEEC1 /* PBXTargetDependency */ = {
			isa = PBXTargetDependency;
			target = 719456652C0935F600ACEEC1 /* Frame */;
			targetProxy = 719456812C0935F800ACEEC1 /* PBXContainerItemProxy */;
		};
/* End PBXTargetDependency section */

/* Begin XCBuildConfiguration section */
		719456882C0935F800ACEEC1 /* Debug */ = {
			isa = XCBuildConfiguration;
			buildSettings = {
				ALWAYS_SEARCH_USER_PATHS = NO;
				CLANG_ANALYZER_NONNULL = YES;
				CLANG_ANALYZER_NUMBER_OBJECT_CONVERSION = YES_AGGRESSIVE;
				CLANG_CXX_LANGUAGE_STANDARD = "gnu++17";
				CLANG_CXX_LIBRARY = "libc++";
				CLANG_ENABLE_MODULES = YES;
				CLANG_ENABLE_OBJC_ARC = YES;
				CLANG_ENABLE_OBJC_WEAK = YES;
				CLANG_WARN_BLOCK_CAPTURE_AUTORELEASING = YES;
				CLANG_WARN_BOOL_CONVERSION = YES;
				CLANG_WARN_COMMA = YES;
				CLANG_WARN_CONSTANT_CONVERSION = YES;
				CLANG_WARN_DEPRECATED_OBJC_IMPLEMENTATIONS = YES;
				CLANG_WARN_DIRECT_OBJC_ISA_USAGE = YES_ERROR;
				CLANG_WARN_DOCUMENTATION_COMMENTS = YES;
				CLANG_WARN_EMPTY_BODY = YES;
				CLANG_WARN_ENUM_CONVERSION = YES;
				CLANG_WARN_INFINITE_RECURSION = YES;
				CLANG_WARN_INT_CONVERSION = YES;
				CLANG_WARN_NON_LITERAL_NULL_CONVERSION = YES;
				CLANG_WARN_OBJC_IMPLICIT_RETAIN_SELF = YES;
				CLANG_WARN_OBJC_LITERAL_CONVERSION = YES;
				CLANG_WARN_OBJC_ROOT_CLASS = YES_ERROR;
				CLANG_WARN_QUOTED_INCLUDE_IN_FRAMEWORK_HEADER = YES;
				CLANG_WARN_RANGE_LOOP_ANALYSIS = YES;
				CLANG_WARN_STRICT_PROTOTYPES = YES;
				CLANG_WARN_SUSPICIOUS_MOVE = YES;
				CLANG_WARN_UNGUARDED_AVAILABILITY = YES_AGGRESSIVE;
				CLANG_WARN_UNREACHABLE_CODE = YES;
				CLANG_WARN__DUPLICATE_METHOD_MATCH = YES;
				COPY_PHASE_STRIP = NO;
				DEBUG_INFORMATION_FORMAT = dwarf;
				ENABLE_STRICT_OBJC_MSGSEND = YES;
				ENABLE_TESTABILITY = YES;
				GCC_C_LANGUAGE_STANDARD = gnu11;
				GCC_DYNAMIC_NO_PIC = NO;
				GCC_NO_COMMON_BLOCKS = YES;
				GCC_OPTIMIZATION_LEVEL = 0;
				GCC_PREPROCESSOR_DEFINITIONS = (
					"DEBUG=1",
					"$(inherited)",
				);
				GCC_WARN_64_TO_32_BIT_CONVERSION = YES;
				GCC_WARN_ABOUT_RETURN_TYPE = YES_ERROR;
				GCC_WARN_UNDECLARED_SELECTOR = YES;
				GCC_WARN_UNINITIALIZED_AUTOS = YES_AGGRESSIVE;
				GCC_WARN_UNUSED_FUNCTION = YES;
				GCC_WARN_UNUSED_VARIABLE = YES;
				IPHONEOS_DEPLOYMENT_TARGET = 15.2;
				MTL_ENABLE_DEBUG_INFO = INCLUDE_SOURCE;
				MTL_FAST_MATH = YES;
				ONLY_ACTIVE_ARCH = YES;
				SDKROOT = iphoneos;
				SWIFT_ACTIVE_COMPILATION_CONDITIONS = DEBUG;
				SWIFT_OPTIMIZATION_LEVEL = "-Onone";
			};
			name = Debug;
		};
		719456892C0935F800ACEEC1 /* Release */ = {
			isa = XCBuildConfiguration;
			buildSettings = {
				ALWAYS_SEARCH_USER_PATHS = NO;
				CLANG_ANALYZER_NONNULL = YES;
				CLANG_ANALYZER_NUMBER_OBJECT_CONVERSION = YES_AGGRESSIVE;
				CLANG_CXX_LANGUAGE_STANDARD = "gnu++17";
				CLANG_CXX_LIBRARY = "libc++";
				CLANG_ENABLE_MODULES = YES;
				CLANG_ENABLE_OBJC_ARC = YES;
				CLANG_ENABLE_OBJC_WEAK = YES;
				CLANG_WARN_BLOCK_CAPTURE_AUTORELEASING = YES;
				CLANG_WARN_BOOL_CONVERSION = YES;
				CLANG_WARN_COMMA = YES;
				CLANG_WARN_CONSTANT_CONVERSION = YES;
				CLANG_WARN_DEPRECATED_OBJC_IMPLEMENTATIONS = YES;
				CLANG_WARN_DIRECT_OBJC_ISA_USAGE = YES_ERROR;
				CLANG_WARN_DOCUMENTATION_COMMENTS = YES;
				CLANG_WARN_EMPTY_BODY = YES;
				CLANG_WARN_ENUM_CONVERSION = YES;
				CLANG_WARN_INFINITE_RECURSION = YES;
				CLANG_WARN_INT_CONVERSION = YES;
				CLANG_WARN_NON_LITERAL_NULL_CONVERSION = YES;
				CLANG_WARN_OBJC_IMPLICIT_RETAIN_SELF = YES;
				CLANG_WARN_OBJC_LITERAL_CONVERSION = YES;
				CLANG_WARN_OBJC_ROOT_CLASS = YES_ERROR;
				CLANG_WARN_QUOTED_INCLUDE_IN_FRAMEWORK_HEADER = YES;
				CLANG_WARN_RANGE_LOOP_ANALYSIS = YES;
				CLANG_WARN_STRICT_PROTOTYPES = YES;
				CLANG_WARN_SUSPICIOUS_MOVE = YES;
				CLANG_WARN_UNGUARDED_AVAILABILITY = YES_AGGRESSIVE;
				CLANG_WARN_UNREACHABLE_CODE = YES;
				CLANG_WARN__DUPLICATE_METHOD_MATCH = YES;
				COPY_PHASE_STRIP = NO;
				DEBUG_INFORMATION_FORMAT = "dwarf-with-dsym";
				ENABLE_NS_ASSERTIONS = NO;
				ENABLE_STRICT_OBJC_MSGSEND = YES;
				GCC_C_LANGUAGE_STANDARD = gnu11;
				GCC_NO_COMMON_BLOCKS = YES;
				GCC_WARN_64_TO_32_BIT_CONVERSION = YES;
				GCC_WARN_ABOUT_RETURN_TYPE = YES_ERROR;
				GCC_WARN_UNDECLARED_SELECTOR = YES;
				GCC_WARN_UNINITIALIZED_AUTOS = YES_AGGRESSIVE;
				GCC_WARN_UNUSED_FUNCTION = YES;
				GCC_WARN_UNUSED_VARIABLE = YES;
				IPHONEOS_DEPLOYMENT_TARGET = 15.2;
				MTL_ENABLE_DEBUG_INFO = NO;
				MTL_FAST_MATH = YES;
				SDKROOT = iphoneos;
				SWIFT_COMPILATION_MODE = wholemodule;
				SWIFT_OPTIMIZATION_LEVEL = "-O";
				VALIDATE_PRODUCT = YES;
			};
			name = Release;
		};
		7194568B2C0935F800ACEEC1 /* Debug */ = {
			isa = XCBuildConfiguration;
			buildSettings = {
				ASSETCATALOG_COMPILER_APPICON_NAME = AppIcon;
				ASSETCATALOG_COMPILER_GLOBAL_ACCENT_COLOR_NAME = AccentColor;
				CODE_SIGN_STYLE = Automatic;
				CURRENT_PROJECT_VERSION = 1;
				DEVELOPMENT_ASSET_PATHS = "\"Frame/Preview Content\"";
				DEVELOPMENT_TEAM = 6Z54UBA7ZT;
				ENABLE_PREVIEWS = YES;
				GENERATE_INFOPLIST_FILE = YES;
				INFOPLIST_KEY_UIApplicationSceneManifest_Generation = YES;
				INFOPLIST_KEY_UIApplicationSupportsIndirectInputEvents = YES;
				INFOPLIST_KEY_UILaunchScreen_Generation = YES;
				INFOPLIST_KEY_UISupportedInterfaceOrientations_iPad = "UIInterfaceOrientationPortrait UIInterfaceOrientationPortraitUpsideDown UIInterfaceOrientationLandscapeLeft UIInterfaceOrientationLandscapeRight";
				INFOPLIST_KEY_UISupportedInterfaceOrientations_iPhone = "UIInterfaceOrientationPortrait UIInterfaceOrientationLandscapeLeft UIInterfaceOrientationLandscapeRight";
				LD_RUNPATH_SEARCH_PATHS = (
					"$(inherited)",
					"@executable_path/Frameworks",
				);
				MARKETING_VERSION = 1.0;
				PRODUCT_BUNDLE_IDENTIFIER = zeus.Frame;
				PRODUCT_NAME = "$(TARGET_NAME)";
				SWIFT_EMIT_LOC_STRINGS = YES;
				SWIFT_VERSION = 5.0;
				TARGETED_DEVICE_FAMILY = "1,2";
			};
			name = Debug;
		};
		7194568C2C0935F800ACEEC1 /* Release */ = {
			isa = XCBuildConfiguration;
			buildSettings = {
				ASSETCATALOG_COMPILER_APPICON_NAME = AppIcon;
				ASSETCATALOG_COMPILER_GLOBAL_ACCENT_COLOR_NAME = AccentColor;
				CODE_SIGN_STYLE = Automatic;
				CURRENT_PROJECT_VERSION = 1;
				DEVELOPMENT_ASSET_PATHS = "\"Frame/Preview Content\"";
				DEVELOPMENT_TEAM = 6Z54UBA7ZT;
				ENABLE_PREVIEWS = YES;
				GENERATE_INFOPLIST_FILE = YES;
				INFOPLIST_KEY_UIApplicationSceneManifest_Generation = YES;
				INFOPLIST_KEY_UIApplicationSupportsIndirectInputEvents = YES;
				INFOPLIST_KEY_UILaunchScreen_Generation = YES;
				INFOPLIST_KEY_UISupportedInterfaceOrientations_iPad = "UIInterfaceOrientationPortrait UIInterfaceOrientationPortraitUpsideDown UIInterfaceOrientationLandscapeLeft UIInterfaceOrientationLandscapeRight";
				INFOPLIST_KEY_UISupportedInterfaceOrientations_iPhone = "UIInterfaceOrientationPortrait UIInterfaceOrientationLandscapeLeft UIInterfaceOrientationLandscapeRight";
				LD_RUNPATH_SEARCH_PATHS = (
					"$(inherited)",
					"@executable_path/Frameworks",
				);
				MARKETING_VERSION = 1.0;
				PRODUCT_BUNDLE_IDENTIFIER = zeus.Frame;
				PRODUCT_NAME = "$(TARGET_NAME)";
				SWIFT_EMIT_LOC_STRINGS = YES;
				SWIFT_VERSION = 5.0;
				TARGETED_DEVICE_FAMILY = "1,2";
			};
			name = Release;
		};
		7194568E2C0935F800ACEEC1 /* Debug */ = {
			isa = XCBuildConfiguration;
			buildSettings = {
				ALWAYS_EMBED_SWIFT_STANDARD_LIBRARIES = YES;
				BUNDLE_LOADER = "$(TEST_HOST)";
				CODE_SIGN_STYLE = Automatic;
				CURRENT_PROJECT_VERSION = 1;
				DEVELOPMENT_TEAM = 6Z54UBA7ZT;
				GENERATE_INFOPLIST_FILE = YES;
				IPHONEOS_DEPLOYMENT_TARGET = 15.2;
				MARKETING_VERSION = 1.0;
				PRODUCT_BUNDLE_IDENTIFIER = zeus.FrameTests;
				PRODUCT_NAME = "$(TARGET_NAME)";
				SWIFT_EMIT_LOC_STRINGS = NO;
				SWIFT_VERSION = 5.0;
				TARGETED_DEVICE_FAMILY = "1,2";
				TEST_HOST = "$(BUILT_PRODUCTS_DIR)/Frame.app/Frame";
			};
			name = Debug;
		};
		7194568F2C0935F800ACEEC1 /* Release */ = {
			isa = XCBuildConfiguration;
			buildSettings = {
				ALWAYS_EMBED_SWIFT_STANDARD_LIBRARIES = YES;
				BUNDLE_LOADER = "$(TEST_HOST)";
				CODE_SIGN_STYLE = Automatic;
				CURRENT_PROJECT_VERSION = 1;
				DEVELOPMENT_TEAM = 6Z54UBA7ZT;
				GENERATE_INFOPLIST_FILE = YES;
				IPHONEOS_DEPLOYMENT_TARGET = 15.2;
				MARKETING_VERSION = 1.0;
				PRODUCT_BUNDLE_IDENTIFIER = zeus.FrameTests;
				PRODUCT_NAME = "$(TARGET_NAME)";
				SWIFT_EMIT_LOC_STRINGS = NO;
				SWIFT_VERSION = 5.0;
				TARGETED_DEVICE_FAMILY = "1,2";
				TEST_HOST = "$(BUILT_PRODUCTS_DIR)/Frame.app/Frame";
			};
			name = Release;
		};
		719456912C0935F800ACEEC1 /* Debug */ = {
			isa = XCBuildConfiguration;
			buildSettings = {
				ALWAYS_EMBED_SWIFT_STANDARD_LIBRARIES = YES;
				CODE_SIGN_STYLE = Automatic;
				CURRENT_PROJECT_VERSION = 1;
				DEVELOPMENT_TEAM = 6Z54UBA7ZT;
				GENERATE_INFOPLIST_FILE = YES;
				MARKETING_VERSION = 1.0;
				PRODUCT_BUNDLE_IDENTIFIER = zeus.FrameUITests;
				PRODUCT_NAME = "$(TARGET_NAME)";
				SWIFT_EMIT_LOC_STRINGS = NO;
				SWIFT_VERSION = 5.0;
				TARGETED_DEVICE_FAMILY = "1,2";
				TEST_TARGET_NAME = Frame;
			};
			name = Debug;
		};
		719456922C0935F800ACEEC1 /* Release */ = {
			isa = XCBuildConfiguration;
			buildSettings = {
				ALWAYS_EMBED_SWIFT_STANDARD_LIBRARIES = YES;
				CODE_SIGN_STYLE = Automatic;
				CURRENT_PROJECT_VERSION = 1;
				DEVELOPMENT_TEAM = 6Z54UBA7ZT;
				GENERATE_INFOPLIST_FILE = YES;
				MARKETING_VERSION = 1.0;
				PRODUCT_BUNDLE_IDENTIFIER = zeus.FrameUITests;
				PRODUCT_NAME = "$(TARGET_NAME)";
				SWIFT_EMIT_LOC_STRINGS = NO;
				SWIFT_VERSION = 5.0;
				TARGETED_DEVICE_FAMILY = "1,2";
				TEST_TARGET_NAME = Frame;
			};
			name = Release;
		};
/* End XCBuildConfiguration section */

/* Begin XCConfigurationList section */
		719456612C0935F600ACEEC1 /* Build configuration list for PBXProject "Frame" */ = {
			isa = XCConfigurationList;
			buildConfigurations = (
				719456882C0935F800ACEEC1 /* Debug */,
				719456892C0935F800ACEEC1 /* Release */,
			);
			defaultConfigurationIsVisible = 0;
			defaultConfigurationName = Release;
		};
		7194568A2C0935F800ACEEC1 /* Build configuration list for PBXNativeTarget "Frame" */ = {
			isa = XCConfigurationList;
			buildConfigurations = (
				7194568B2C0935F800ACEEC1 /* Debug */,
				7194568C2C0935F800ACEEC1 /* Release */,
			);
			defaultConfigurationIsVisible = 0;
			defaultConfigurationName = Release;
		};
		7194568D2C0935F800ACEEC1 /* Build configuration list for PBXNativeTarget "FrameTests" */ = {
			isa = XCConfigurationList;
			buildConfigurations = (
				7194568E2C0935F800ACEEC1 /* Debug */,
				7194568F2C0935F800ACEEC1 /* Release */,
			);
			defaultConfigurationIsVisible = 0;
			defaultConfigurationName = Release;
		};
		719456902C0935F800ACEEC1 /* Build configuration list for PBXNativeTarget "FrameUITests" */ = {
			isa = XCConfigurationList;
			buildConfigurations = (
				719456912C0935F800ACEEC1 /* Debug */,
				719456922C0935F800ACEEC1 /* Release */,
			);
			defaultConfigurationIsVisible = 0;
			defaultConfigurationName = Release;
		};
/* End XCConfigurationList section */
	};
	rootObject = 7194565E2C0935F600ACEEC1 /* Project object */;
}
